
Microsoft Visual Studio Solution File, Format Version 12.00
# Visual Studio Version 17
VisualStudioVersion = 17.14.36414.22 d17.14
MinimumVisualStudioVersion = 10.0.40219.1
Project("{FAE04EC0-301F-11D3-BF4B-00C04F79EFBC}") = "Amoeba Game", "Amoeba Game\Amoeba Game.csproj", "{B88B4068-183F-4196-B2DE-9B035900AB9E}"
EndProject
Global
	GlobalSection(SolutionConfigurationPlatforms) = preSolution
		Debug|Any CPU = Debug|Any CPU
		Release|Any CPU = Release|Any CPU
	EndGlobalSection
	GlobalSection(ProjectConfigurationPlatforms) = postSolution
		{B88B4068-183F-4196-B2DE-9B035900AB9E}.Debug|Any CPU.ActiveCfg = Debug|Any CPU
		{B88B4068-183F-4196-B2DE-9B035900AB9E}.Debug|Any CPU.Build.0 = Debug|Any CPU
		{B88B4068-183F-4196-B2DE-9B035900AB9E}.Release|Any CPU.ActiveCfg = Release|Any CPU
		{B88B4068-183F-4196-B2DE-9B035900AB9E}.Release|Any CPU.Build.0 = Release|Any CPU
	EndGlobalSection
	GlobalSection(SolutionProperties) = preSolution
		HideSolutionNode = FALSE
	EndGlobalSection
	GlobalSection(ExtensibilityGlobals) = postSolution
		SolutionGuid = {5941D11F-D73A-401C-A07A-44FD5159B875}
	EndGlobalSection
EndGlobal
